
Microsoft Visual Studio Solution File, Format Version 12.00
# Visual Studio Version 17
VisualStudioVersion = 17.6.33815.320
MinimumVisualStudioVersion = 10.0.40219.1
Project("{FAE04EC0-301F-11D3-BF4B-00C04F79EFBC}") = "SOLID, Review the queue - Dependency Inversion", "SOLID, Review the queue - Dependency Inversion\SOLID, Review the queue - Dependency Inversion.csproj", "{BADCA341-15EE-45E3-9C17-8B7AF553A777}"
EndProject
Global
	GlobalSection(SolutionConfigurationPlatforms) = preSolution
		Debug|Any CPU = Debug|Any CPU
		Release|Any CPU = Release|Any CPU
	EndGlobalSection
	GlobalSection(ProjectConfigurationPlatforms) = postSolution
		{BADCA341-15EE-45E3-9C17-8B7AF553A777}.Debug|Any CPU.ActiveCfg = Debug|Any CPU
		{BADCA341-15EE-45E3-9C17-8B7AF553A777}.Debug|Any CPU.Build.0 = Debug|Any CPU
		{BADCA341-15EE-45E3-9C17-8B7AF553A777}.Release|Any CPU.ActiveCfg = Release|Any CPU
		{BADCA341-15EE-45E3-9C17-8B7AF553A777}.Release|Any CPU.Build.0 = Release|Any CPU
	EndGlobalSection
	GlobalSection(SolutionProperties) = preSolution
		HideSolutionNode = FALSE
	EndGlobalSection
	GlobalSection(ExtensibilityGlobals) = postSolution
		SolutionGuid = {8537B58C-10E6-4A6C-ABBE-43F980886D7D}
	EndGlobalSection
EndGlobal
